
Microsoft Visual Studio Solution File, Format Version 12.00
# Visual Studio Version 17
VisualStudioVersion = 17.8.34408.163
MinimumVisualStudioVersion = 10.0.40219.1
Project("{FAE04EC0-301F-11D3-BF4B-00C04F79EFBC}") = "DYV_Linked_Document_Management", "DYV_LD_GmailAgent\DYV_Linked_Document_Management.csproj", "{9E7C8795-9ABA-4043-A79D-48E8711B0758}"
EndProject
Global
	GlobalSection(SolutionConfigurationPlatforms) = preSolution
		Debug|Any CPU = Debug|Any CPU
		Release|Any CPU = Release|Any CPU
	EndGlobalSection
	GlobalSection(ProjectConfigurationPlatforms) = postSolution
		{9E7C8795-9ABA-4043-A79D-48E8711B0758}.Debug|Any CPU.ActiveCfg = Debug|Any CPU
		{9E7C8795-9ABA-4043-A79D-48E8711B0758}.Debug|Any CPU.Build.0 = Debug|Any CPU
		{9E7C8795-9ABA-4043-A79D-48E8711B0758}.Release|Any CPU.ActiveCfg = Release|Any CPU
		{9E7C8795-9ABA-4043-A79D-48E8711B0758}.Release|Any CPU.Build.0 = Release|Any CPU
	EndGlobalSection
	GlobalSection(SolutionProperties) = preSolution
		HideSolutionNode = FALSE
	EndGlobalSection
	GlobalSection(ExtensibilityGlobals) = postSolution
		SolutionGuid = {B2101EC5-2AB4-4E43-879E-B8741CF3A162}
	EndGlobalSection
EndGlobal
